// !$*UTF8*$!
{
	archiveVersion = 1;
	classes = {
	};
	objectVersion = 55;
	objects = {

/* Begin PBXBuildFile section */
		41549B842910053200F8331A /* AppDelegate.swift in Sources */ = {isa = PBXBuildFile; fileRef = 41549B832910053200F8331A /* AppDelegate.swift */; };
		41549B862910053200F8331A /* SceneDelegate.swift in Sources */ = {isa = PBXBuildFile; fileRef = 41549B852910053200F8331A /* SceneDelegate.swift */; };
		41549B882910053200F8331A /* LoginViewController.swift in Sources */ = {isa = PBXBuildFile; fileRef = 41549B872910053200F8331A /* LoginViewController.swift */; };
		41549B8B2910053200F8331A /* Main.storyboard in Resources */ = {isa = PBXBuildFile; fileRef = 41549B892910053200F8331A /* Main.storyboard */; };
		41549B902910053400F8331A /* LaunchScreen.storyboard in Resources */ = {isa = PBXBuildFile; fileRef = 41549B8E2910053400F8331A /* LaunchScreen.storyboard */; };
		41549B9D2910120900F8331A /* Color.xcassets in Resources */ = {isa = PBXBuildFile; fileRef = 41549B9C2910120900F8331A /* Color.xcassets */; };
		41549BA12910570900F8331A /* FriendsViewController.swift in Sources */ = {isa = PBXBuildFile; fileRef = 41549BA02910570900F8331A /* FriendsViewController.swift */; };
		41549BA329107ECD00F8331A /* PageMyFriendViewController.swift in Sources */ = {isa = PBXBuildFile; fileRef = 41549BA229107ECC00F8331A /* PageMyFriendViewController.swift */; };
		41549BA52911502200F8331A /* GroupViewController.swift in Sources */ = {isa = PBXBuildFile; fileRef = 41549BA42911502100F8331A /* GroupViewController.swift */; };
		41549BA72911512B00F8331A /* NewGroupViewController.swift in Sources */ = {isa = PBXBuildFile; fileRef = 41549BA62911512A00F8331A /* NewGroupViewController.swift */; };
		4165B71829119ACA00D34B8D /* EntryViewController.swift in Sources */ = {isa = PBXBuildFile; fileRef = 4165B71729119AC900D34B8D /* EntryViewController.swift */; };
		4171CC43292CBDB800AC007A /* WKWebViewController.swift in Sources */ = {isa = PBXBuildFile; fileRef = 4171CC42292CBDB800AC007A /* WKWebViewController.swift */; };
		4171CC45292CF2B200AC007A /* VKNetworkService.swift in Sources */ = {isa = PBXBuildFile; fileRef = 4171CC44292CF2B100AC007A /* VKNetworkService.swift */; };
		4178505B292B9D29006EF2E2 /* Session.swift in Sources */ = {isa = PBXBuildFile; fileRef = 4178505A292B9D29006EF2E2 /* Session.swift */; };
		41DF863D291DAF0D00C536F5 /* CustomNavigationController.swift in Sources */ = {isa = PBXBuildFile; fileRef = 41DF863C291DAF0C00C536F5 /* CustomNavigationController.swift */; };
		41DF863F291DB11400C536F5 /* CustomPushAnimation.swift in Sources */ = {isa = PBXBuildFile; fileRef = 41DF863E291DB11400C536F5 /* CustomPushAnimation.swift */; };
		41DF8641291DB71700C536F5 /* CustomPopAninator.swift in Sources */ = {isa = PBXBuildFile; fileRef = 41DF8640291DB71700C536F5 /* CustomPopAninator.swift */; };
		41DF8643291DB84400C536F5 /* CustomInteractiveTransition.swift in Sources */ = {isa = PBXBuildFile; fileRef = 41DF8642291DB84400C536F5 /* CustomInteractiveTransition.swift */; };
		41E2517329128C50006690F8 /* User.swift in Sources */ = {isa = PBXBuildFile; fileRef = 41E2517229128C50006690F8 /* User.swift */; };
		41E2517529128E27006690F8 /* Group.swift in Sources */ = {isa = PBXBuildFile; fileRef = 41E2517429128E27006690F8 /* Group.swift */; };
		41E25178291290E8006690F8 /* FriendsTableViewCell.swift in Sources */ = {isa = PBXBuildFile; fileRef = 41E25177291290E8006690F8 /* FriendsTableViewCell.swift */; };
		41E2517B291291C0006690F8 /* GroupTableViewCell.swift in Sources */ = {isa = PBXBuildFile; fileRef = 41E2517A291291C0006690F8 /* GroupTableViewCell.swift */; };
		41E2517E29129CEB006690F8 /* NewGroupTableViewCell.swift in Sources */ = {isa = PBXBuildFile; fileRef = 41E2517D29129CEB006690F8 /* NewGroupTableViewCell.swift */; };
		41E251802913B488006690F8 /* UIViewController+Extension.swift in Sources */ = {isa = PBXBuildFile; fileRef = 41E2517F2913B488006690F8 /* UIViewController+Extension.swift */; };
		41E25183291411F0006690F8 /* FriendCollectionViewCell.swift in Sources */ = {isa = PBXBuildFile; fileRef = 41E25182291411F0006690F8 /* FriendCollectionViewCell.swift */; };
		41E25186291449C9006690F8 /* LikeControl.swift in Sources */ = {isa = PBXBuildFile; fileRef = 41E25185291449C9006690F8 /* LikeControl.swift */; };
		41E2518829148851006690F8 /* PersonImageView.swift in Sources */ = {isa = PBXBuildFile; fileRef = 41E2518729148851006690F8 /* PersonImageView.swift */; };
		41E2518A2918FC60006690F8 /* NewsViewController.swift in Sources */ = {isa = PBXBuildFile; fileRef = 41E251892918FC60006690F8 /* NewsViewController.swift */; };
		41E2518C29190105006690F8 /* NewsTableViewCell.swift in Sources */ = {isa = PBXBuildFile; fileRef = 41E2518B29190105006690F8 /* NewsTableViewCell.swift */; };
		41E2518E291902F0006690F8 /* Post.swift in Sources */ = {isa = PBXBuildFile; fileRef = 41E2518D291902F0006690F8 /* Post.swift */; };
		41E25190291A898F006690F8 /* LoadingViewController.swift in Sources */ = {isa = PBXBuildFile; fileRef = 41E2518F291A898F006690F8 /* LoadingViewController.swift */; };
		41E25192291BF602006690F8 /* NewGroup.swift in Sources */ = {isa = PBXBuildFile; fileRef = 41E25191291BF601006690F8 /* NewGroup.swift */; };
		41E25194291D0DB3006690F8 /* PhotoAlbumViewController.swift in Sources */ = {isa = PBXBuildFile; fileRef = 41E25193291D0DB2006690F8 /* PhotoAlbumViewController.swift */; };
		41E25196291D0FD1006690F8 /* FriendAlbumPhotoView.swift in Sources */ = {isa = PBXBuildFile; fileRef = 41E25195291D0FD1006690F8 /* FriendAlbumPhotoView.swift */; };
		41E25198291D62DC006690F8 /* Assets.xcassets in Resources */ = {isa = PBXBuildFile; fileRef = 41E25197291D62DC006690F8 /* Assets.xcassets */; };
		6DECC37D03F7D63932680D59 /* Pods_VK_App.framework in Frameworks */ = {isa = PBXBuildFile; fileRef = DA05AAB3D6AC2CB1D378D177 /* Pods_VK_App.framework */; };
/* End PBXBuildFile section */

/* Begin PBXFileReference section */
		41549B802910053200F8331A /* VK_App.app */ = {isa = PBXFileReference; explicitFileType = wrapper.application; includeInIndex = 0; path = VK_App.app; sourceTree = BUILT_PRODUCTS_DIR; };
		41549B832910053200F8331A /* AppDelegate.swift */ = {isa = PBXFileReference; lastKnownFileType = sourcecode.swift; path = AppDelegate.swift; sourceTree = "<group>"; };
		41549B852910053200F8331A /* SceneDelegate.swift */ = {isa = PBXFileReference; lastKnownFileType = sourcecode.swift; path = SceneDelegate.swift; sourceTree = "<group>"; };
		41549B872910053200F8331A /* LoginViewController.swift */ = {isa = PBXFileReference; lastKnownFileType = sourcecode.swift; path = LoginViewController.swift; sourceTree = "<group>"; };
		41549B8A2910053200F8331A /* Base */ = {isa = PBXFileReference; lastKnownFileType = file.storyboard; name = Base; path = Base.lproj/Main.storyboard; sourceTree = "<group>"; };
		41549B8F2910053400F8331A /* Base */ = {isa = PBXFileReference; lastKnownFileType = file.storyboard; name = Base; path = Base.lproj/LaunchScreen.storyboard; sourceTree = "<group>"; };
		41549B912910053400F8331A /* Info.plist */ = {isa = PBXFileReference; lastKnownFileType = text.plist.xml; path = Info.plist; sourceTree = "<group>"; };
		41549B9C2910120900F8331A /* Color.xcassets */ = {isa = PBXFileReference; lastKnownFileType = folder.assetcatalog; path = Color.xcassets; sourceTree = "<group>"; };
		41549BA02910570900F8331A /* FriendsViewController.swift */ = {isa = PBXFileReference; lastKnownFileType = sourcecode.swift; path = FriendsViewController.swift; sourceTree = "<group>"; };
		41549BA229107ECC00F8331A /* PageMyFriendViewController.swift */ = {isa = PBXFileReference; lastKnownFileType = sourcecode.swift; path = PageMyFriendViewController.swift; sourceTree = "<group>"; };
		41549BA42911502100F8331A /* GroupViewController.swift */ = {isa = PBXFileReference; lastKnownFileType = sourcecode.swift; path = GroupViewController.swift; sourceTree = "<group>"; };
		41549BA62911512A00F8331A /* NewGroupViewController.swift */ = {isa = PBXFileReference; lastKnownFileType = sourcecode.swift; path = NewGroupViewController.swift; sourceTree = "<group>"; };
		4165B71729119AC900D34B8D /* EntryViewController.swift */ = {isa = PBXFileReference; lastKnownFileType = sourcecode.swift; path = EntryViewController.swift; sourceTree = "<group>"; };
		4171CC42292CBDB800AC007A /* WKWebViewController.swift */ = {isa = PBXFileReference; lastKnownFileType = sourcecode.swift; path = WKWebViewController.swift; sourceTree = "<group>"; };
		4171CC44292CF2B100AC007A /* VKNetworkService.swift */ = {isa = PBXFileReference; lastKnownFileType = sourcecode.swift; path = VKNetworkService.swift; sourceTree = "<group>"; };
		4178505A292B9D29006EF2E2 /* Session.swift */ = {isa = PBXFileReference; lastKnownFileType = sourcecode.swift; path = Session.swift; sourceTree = "<group>"; };
		41DF863C291DAF0C00C536F5 /* CustomNavigationController.swift */ = {isa = PBXFileReference; lastKnownFileType = sourcecode.swift; path = CustomNavigationController.swift; sourceTree = "<group>"; };
		41DF863E291DB11400C536F5 /* CustomPushAnimation.swift */ = {isa = PBXFileReference; lastKnownFileType = sourcecode.swift; path = CustomPushAnimation.swift; sourceTree = "<group>"; };
		41DF8640291DB71700C536F5 /* CustomPopAninator.swift */ = {isa = PBXFileReference; lastKnownFileType = sourcecode.swift; path = CustomPopAninator.swift; sourceTree = "<group>"; };
		41DF8642291DB84400C536F5 /* CustomInteractiveTransition.swift */ = {isa = PBXFileReference; lastKnownFileType = sourcecode.swift; path = CustomInteractiveTransition.swift; sourceTree = "<group>"; };
		41E2517229128C50006690F8 /* User.swift */ = {isa = PBXFileReference; lastKnownFileType = sourcecode.swift; path = User.swift; sourceTree = "<group>"; };
		41E2517429128E27006690F8 /* Group.swift */ = {isa = PBXFileReference; lastKnownFileType = sourcecode.swift; path = Group.swift; sourceTree = "<group>"; };
		41E25177291290E8006690F8 /* FriendsTableViewCell.swift */ = {isa = PBXFileReference; lastKnownFileType = sourcecode.swift; path = FriendsTableViewCell.swift; sourceTree = "<group>"; };
		41E2517A291291C0006690F8 /* GroupTableViewCell.swift */ = {isa = PBXFileReference; lastKnownFileType = sourcecode.swift; path = GroupTableViewCell.swift; sourceTree = "<group>"; };
		41E2517D29129CEB006690F8 /* NewGroupTableViewCell.swift */ = {isa = PBXFileReference; lastKnownFileType = sourcecode.swift; path = NewGroupTableViewCell.swift; sourceTree = "<group>"; };
		41E2517F2913B488006690F8 /* UIViewController+Extension.swift */ = {isa = PBXFileReference; lastKnownFileType = sourcecode.swift; path = "UIViewController+Extension.swift"; sourceTree = "<group>"; };
		41E25182291411F0006690F8 /* FriendCollectionViewCell.swift */ = {isa = PBXFileReference; lastKnownFileType = sourcecode.swift; path = FriendCollectionViewCell.swift; sourceTree = "<group>"; };
		41E25185291449C9006690F8 /* LikeControl.swift */ = {isa = PBXFileReference; lastKnownFileType = sourcecode.swift; path = LikeControl.swift; sourceTree = "<group>"; };
		41E2518729148851006690F8 /* PersonImageView.swift */ = {isa = PBXFileReference; lastKnownFileType = sourcecode.swift; path = PersonImageView.swift; sourceTree = "<group>"; };
		41E251892918FC60006690F8 /* NewsViewController.swift */ = {isa = PBXFileReference; lastKnownFileType = sourcecode.swift; path = NewsViewController.swift; sourceTree = "<group>"; };
		41E2518B29190105006690F8 /* NewsTableViewCell.swift */ = {isa = PBXFileReference; lastKnownFileType = sourcecode.swift; path = NewsTableViewCell.swift; sourceTree = "<group>"; };
		41E2518D291902F0006690F8 /* Post.swift */ = {isa = PBXFileReference; lastKnownFileType = sourcecode.swift; path = Post.swift; sourceTree = "<group>"; };
		41E2518F291A898F006690F8 /* LoadingViewController.swift */ = {isa = PBXFileReference; lastKnownFileType = sourcecode.swift; path = LoadingViewController.swift; sourceTree = "<group>"; };
		41E25191291BF601006690F8 /* NewGroup.swift */ = {isa = PBXFileReference; lastKnownFileType = sourcecode.swift; path = NewGroup.swift; sourceTree = "<group>"; };
		41E25193291D0DB2006690F8 /* PhotoAlbumViewController.swift */ = {isa = PBXFileReference; lastKnownFileType = sourcecode.swift; path = PhotoAlbumViewController.swift; sourceTree = "<group>"; };
		41E25195291D0FD1006690F8 /* FriendAlbumPhotoView.swift */ = {isa = PBXFileReference; lastKnownFileType = sourcecode.swift; path = FriendAlbumPhotoView.swift; sourceTree = "<group>"; };
		41E25197291D62DC006690F8 /* Assets.xcassets */ = {isa = PBXFileReference; lastKnownFileType = folder.assetcatalog; path = Assets.xcassets; sourceTree = "<group>"; };
		430C1194285240DA1C91D765 /* Pods-VK_App.release.xcconfig */ = {isa = PBXFileReference; includeInIndex = 1; lastKnownFileType = text.xcconfig; name = "Pods-VK_App.release.xcconfig"; path = "Target Support Files/Pods-VK_App/Pods-VK_App.release.xcconfig"; sourceTree = "<group>"; };
		61381A2B8CA4E11B35DE983E /* Pods-VK_App.debug.xcconfig */ = {isa = PBXFileReference; includeInIndex = 1; lastKnownFileType = text.xcconfig; name = "Pods-VK_App.debug.xcconfig"; path = "Target Support Files/Pods-VK_App/Pods-VK_App.debug.xcconfig"; sourceTree = "<group>"; };
		DA05AAB3D6AC2CB1D378D177 /* Pods_VK_App.framework */ = {isa = PBXFileReference; explicitFileType = wrapper.framework; includeInIndex = 0; path = Pods_VK_App.framework; sourceTree = BUILT_PRODUCTS_DIR; };
/* End PBXFileReference section */

/* Begin PBXFrameworksBuildPhase section */
		41549B7D2910053200F8331A /* Frameworks */ = {
			isa = PBXFrameworksBuildPhase;
			buildActionMask = 2147483647;
			files = (
				6DECC37D03F7D63932680D59 /* Pods_VK_App.framework in Frameworks */,
			);
			runOnlyForDeploymentPostprocessing = 0;
		};
/* End PBXFrameworksBuildPhase section */

/* Begin PBXGroup section */
		41549B772910053200F8331A = {
			isa = PBXGroup;
			children = (
				41549B822910053200F8331A /* VK_App */,
				41549B9C2910120900F8331A /* Color.xcassets */,
				41E25197291D62DC006690F8 /* Assets.xcassets */,
				41549B812910053200F8331A /* Products */,
				BBEEF7513EFE5C814F520E22 /* Pods */,
				EF0FA8DB4E56C12D083B520C /* Frameworks */,
			);
			sourceTree = "<group>";
		};
		41549B812910053200F8331A /* Products */ = {
			isa = PBXGroup;
			children = (
				41549B802910053200F8331A /* VK_App.app */,
			);
			name = Products;
			sourceTree = "<group>";
		};
		41549B822910053200F8331A /* VK_App */ = {
			isa = PBXGroup;
			children = (
				41785059292B9D03006EF2E2 /* Session */,
				41E251812913B48F006690F8 /* Extension */,
				41E25176291290AF006690F8 /* View */,
				41E2517029128C1C006690F8 /* Model */,
				41549B9929100D3100F8331A /* Controller */,
				41549B832910053200F8331A /* AppDelegate.swift */,
				41549B852910053200F8331A /* SceneDelegate.swift */,
				41549B892910053200F8331A /* Main.storyboard */,
				41549B8E2910053400F8331A /* LaunchScreen.storyboard */,
				41549B912910053400F8331A /* Info.plist */,
			);
			path = VK_App;
			sourceTree = "<group>";
		};
		41549B9929100D3100F8331A /* Controller */ = {
			isa = PBXGroup;
			children = (
				4171CC41292CBD8C00AC007A /* WKWebView */,
				41DF863B291DAEE700C536F5 /* NavController */,
				41DF863A291DAEDA00C536F5 /* News */,
				41DF8639291DAEC100C536F5 /* Friend */,
				41DF8638291DAEA300C536F5 /* Group */,
				41549B872910053200F8331A /* LoginViewController.swift */,
				4165B71729119AC900D34B8D /* EntryViewController.swift */,
				41E2518F291A898F006690F8 /* LoadingViewController.swift */,
			);
			path = Controller;
			sourceTree = "<group>";
		};
		4171CC41292CBD8C00AC007A /* WKWebView */ = {
			isa = PBXGroup;
			children = (
				4171CC42292CBDB800AC007A /* WKWebViewController.swift */,
			);
			path = WKWebView;
			sourceTree = "<group>";
		};
		41785059292B9D03006EF2E2 /* Session */ = {
			isa = PBXGroup;
			children = (
				4178505A292B9D29006EF2E2 /* Session.swift */,
				4171CC44292CF2B100AC007A /* VKNetworkService.swift */,
			);
			path = Session;
			sourceTree = "<group>";
		};
		41DF8638291DAEA300C536F5 /* Group */ = {
			isa = PBXGroup;
			children = (
				41549BA62911512A00F8331A /* NewGroupViewController.swift */,
				41549BA42911502100F8331A /* GroupViewController.swift */,
			);
			path = Group;
			sourceTree = "<group>";
		};
		41DF8639291DAEC100C536F5 /* Friend */ = {
			isa = PBXGroup;
			children = (
				41E25193291D0DB2006690F8 /* PhotoAlbumViewController.swift */,
				41549BA229107ECC00F8331A /* PageMyFriendViewController.swift */,
				41549BA02910570900F8331A /* FriendsViewController.swift */,
			);
			path = Friend;
			sourceTree = "<group>";
		};
		41DF863A291DAEDA00C536F5 /* News */ = {
			isa = PBXGroup;
			children = (
				41E251892918FC60006690F8 /* NewsViewController.swift */,
			);
			path = News;
			sourceTree = "<group>";
		};
		41DF863B291DAEE700C536F5 /* NavController */ = {
			isa = PBXGroup;
			children = (
				41DF863C291DAF0C00C536F5 /* CustomNavigationController.swift */,
				41DF863E291DB11400C536F5 /* CustomPushAnimation.swift */,
				41DF8640291DB71700C536F5 /* CustomPopAninator.swift */,
				41DF8642291DB84400C536F5 /* CustomInteractiveTransition.swift */,
			);
			path = NavController;
			sourceTree = "<group>";
		};
		41E2517029128C1C006690F8 /* Model */ = {
			isa = PBXGroup;
			children = (
				41E2517229128C50006690F8 /* User.swift */,
				41E2517429128E27006690F8 /* Group.swift */,
				41E2518D291902F0006690F8 /* Post.swift */,
				41E25191291BF601006690F8 /* NewGroup.swift */,
			);
			path = Model;
			sourceTree = "<group>";
		};
		41E25176291290AF006690F8 /* View */ = {
			isa = PBXGroup;
			children = (
				41E25185291449C9006690F8 /* LikeControl.swift */,
				41E25177291290E8006690F8 /* FriendsTableViewCell.swift */,
				41E2517A291291C0006690F8 /* GroupTableViewCell.swift */,
				41E2517D29129CEB006690F8 /* NewGroupTableViewCell.swift */,
				41E25182291411F0006690F8 /* FriendCollectionViewCell.swift */,
				41E2518729148851006690F8 /* PersonImageView.swift */,
				41E2518B29190105006690F8 /* NewsTableViewCell.swift */,
				41E25195291D0FD1006690F8 /* FriendAlbumPhotoView.swift */,
			);
			path = View;
			sourceTree = "<group>";
		};
		41E251812913B48F006690F8 /* Extension */ = {
			isa = PBXGroup;
			children = (
				41E2517F2913B488006690F8 /* UIViewController+Extension.swift */,
			);
			path = Extension;
			sourceTree = "<group>";
		};
		BBEEF7513EFE5C814F520E22 /* Pods */ = {
			isa = PBXGroup;
			children = (
				61381A2B8CA4E11B35DE983E /* Pods-VK_App.debug.xcconfig */,
				430C1194285240DA1C91D765 /* Pods-VK_App.release.xcconfig */,
			);
			path = Pods;
			sourceTree = "<group>";
		};
		EF0FA8DB4E56C12D083B520C /* Frameworks */ = {
			isa = PBXGroup;
			children = (
				DA05AAB3D6AC2CB1D378D177 /* Pods_VK_App.framework */,
			);
			name = Frameworks;
			sourceTree = "<group>";
		};
/* End PBXGroup section */

/* Begin PBXNativeTarget section */
		41549B7F2910053200F8331A /* VK_App */ = {
			isa = PBXNativeTarget;
			buildConfigurationList = 41549B942910053400F8331A /* Build configuration list for PBXNativeTarget "VK_App" */;
			buildPhases = (
				BF14E26B68BF62F2E8BFFB7D /* [CP] Check Pods Manifest.lock */,
				41549B7C2910053200F8331A /* Sources */,
				41549B7D2910053200F8331A /* Frameworks */,
				41549B7E2910053200F8331A /* Resources */,
				41549B982910059E00F8331A /* SwiftFormat */,
				41549B972910054C00F8331A /* SwiftLint */,
				46A34D2FD730CA5AE4BFD39F /* [CP] Embed Pods Frameworks */,
			);
			buildRules = (
			);
			dependencies = (
			);
			name = VK_App;
			productName = VK_App;
			productReference = 41549B802910053200F8331A /* VK_App.app */;
			productType = "com.apple.product-type.application";
		};
/* End PBXNativeTarget section */

/* Begin PBXProject section */
		41549B782910053200F8331A /* Project object */ = {
			isa = PBXProject;
			attributes = {
				BuildIndependentTargetsInParallel = 1;
				LastSwiftUpdateCheck = 1330;
				LastUpgradeCheck = 1330;
				TargetAttributes = {
					41549B7F2910053200F8331A = {
						CreatedOnToolsVersion = 13.3.1;
					};
				};
			};
			buildConfigurationList = 41549B7B2910053200F8331A /* Build configuration list for PBXProject "VK_App" */;
			compatibilityVersion = "Xcode 13.0";
			developmentRegion = en;
			hasScannedForEncodings = 0;
			knownRegions = (
				en,
				Base,
			);
			mainGroup = 41549B772910053200F8331A;
			productRefGroup = 41549B812910053200F8331A /* Products */;
			projectDirPath = "";
			projectRoot = "";
			targets = (
				41549B7F2910053200F8331A /* VK_App */,
			);
		};
/* End PBXProject section */

/* Begin PBXResourcesBuildPhase section */
		41549B7E2910053200F8331A /* Resources */ = {
			isa = PBXResourcesBuildPhase;
			buildActionMask = 2147483647;
			files = (
				41549B902910053400F8331A /* LaunchScreen.storyboard in Resources */,
				41549B9D2910120900F8331A /* Color.xcassets in Resources */,
				41549B8B2910053200F8331A /* Main.storyboard in Resources */,
				41E25198291D62DC006690F8 /* Assets.xcassets in Resources */,
			);
			runOnlyForDeploymentPostprocessing = 0;
		};
/* End PBXResourcesBuildPhase section */

/* Begin PBXShellScriptBuildPhase section */
		41549B972910054C00F8331A /* SwiftLint */ = {
			isa = PBXShellScriptBuildPhase;
			buildActionMask = 2147483647;
			files = (
			);
			inputFileListPaths = (
			);
			inputPaths = (
			);
			name = SwiftLint;
			outputFileListPaths = (
			);
			outputPaths = (
			);
			runOnlyForDeploymentPostprocessing = 0;
			shellPath = /bin/sh;
			shellScript = "if which swiftlint > /dev/null; then\n  swiftlint\nelse\n  echo \"warning: SwiftLint not installed, download from https://github.com/realm/SwiftLint\"\nfi\n";
		};
		41549B982910059E00F8331A /* SwiftFormat */ = {
			isa = PBXShellScriptBuildPhase;
			buildActionMask = 2147483647;
			files = (
			);
			inputFileListPaths = (
			);
			inputPaths = (
			);
			name = SwiftFormat;
			outputFileListPaths = (
			);
			outputPaths = (
			);
			runOnlyForDeploymentPostprocessing = 0;
			shellPath = /bin/sh;
			shellScript = "

";
		};
		46A34D2FD730CA5AE4BFD39F /* [CP] Embed Pods Frameworks */ = {
			isa = PBXShellScriptBuildPhase;
			buildActionMask = 2147483647;
			files = (
			);
			inputFileListPaths = (
				"${PODS_ROOT}/Target Support Files/Pods-VK_App/Pods-VK_App-frameworks-${CONFIGURATION}-input-files.xcfilelist",
			);
			name = "[CP] Embed Pods Frameworks";
			outputFileListPaths = (
				"${PODS_ROOT}/Target Support Files/Pods-VK_App/Pods-VK_App-frameworks-${CONFIGURATION}-output-files.xcfilelist",
			);
			runOnlyForDeploymentPostprocessing = 0;
			shellPath = /bin/sh;
			shellScript = "\"${PODS_ROOT}/Target Support Files/Pods-VK_App/Pods-VK_App-frameworks.sh\"\n";
			showEnvVarsInLog = 0;
		};
		BF14E26B68BF62F2E8BFFB7D /* [CP] Check Pods Manifest.lock */ = {
			isa = PBXShellScriptBuildPhase;
			buildActionMask = 2147483647;
			files = (
			);
			inputFileListPaths = (
			);
			inputPaths = (
				"${PODS_PODFILE_DIR_PATH}/Podfile.lock",
				"${PODS_ROOT}/Manifest.lock",
			);
			name = "[CP] Check Pods Manifest.lock";
			outputFileListPaths = (
			);
			outputPaths = (
				"$(DERIVED_FILE_DIR)/Pods-VK_App-checkManifestLockResult.txt",
			);
			runOnlyForDeploymentPostprocessing = 0;
			shellPath = /bin/sh;
			shellScript = "diff \"${PODS_PODFILE_DIR_PATH}/Podfile.lock\" \"${PODS_ROOT}/Manifest.lock\" > /dev/null\nif [ $? != 0 ] ; then\n    # print error to STDERR\n    echo \"error: The sandbox is not in sync with the Podfile.lock. Run 'pod install' or update your CocoaPods installation.\" >&2\n    exit 1\nfi\n# This output is used by Xcode 'outputs' to avoid re-running this script phase.\necho \"SUCCESS\" > \"${SCRIPT_OUTPUT_FILE_0}\"\n";
			showEnvVarsInLog = 0;
		};
/* End PBXShellScriptBuildPhase section */

/* Begin PBXSourcesBuildPhase section */
		41549B7C2910053200F8331A /* Sources */ = {
			isa = PBXSourcesBuildPhase;
			buildActionMask = 2147483647;
			files = (
				41E2517529128E27006690F8 /* Group.swift in Sources */,
				4178505B292B9D29006EF2E2 /* Session.swift in Sources */,
				4171CC45292CF2B200AC007A /* VKNetworkService.swift in Sources */,
				41E2517329128C50006690F8 /* User.swift in Sources */,
				41E25186291449C9006690F8 /* LikeControl.swift in Sources */,
				41DF863F291DB11400C536F5 /* CustomPushAnimation.swift in Sources */,
				41DF8641291DB71700C536F5 /* CustomPopAninator.swift in Sources */,
				41E25196291D0FD1006690F8 /* FriendAlbumPhotoView.swift in Sources */,
				41E2517E29129CEB006690F8 /* NewGroupTableViewCell.swift in Sources */,
				41E251802913B488006690F8 /* UIViewController+Extension.swift in Sources */,
				41549BA72911512B00F8331A /* NewGroupViewController.swift in Sources */,
				41E25178291290E8006690F8 /* FriendsTableViewCell.swift in Sources */,
				41549B882910053200F8331A /* LoginViewController.swift in Sources */,
				41E25194291D0DB3006690F8 /* PhotoAlbumViewController.swift in Sources */,
				41E25192291BF602006690F8 /* NewGroup.swift in Sources */,
				41E2518829148851006690F8 /* PersonImageView.swift in Sources */,
				4171CC43292CBDB800AC007A /* WKWebViewController.swift in Sources */,
				41549BA12910570900F8331A /* FriendsViewController.swift in Sources */,
				41E25183291411F0006690F8 /* FriendCollectionViewCell.swift in Sources */,
				41DF8643291DB84400C536F5 /* CustomInteractiveTransition.swift in Sources */,
				41549BA329107ECD00F8331A /* PageMyFriendViewController.swift in Sources */,
				41549B842910053200F8331A /* AppDelegate.swift in Sources */,
				41DF863D291DAF0D00C536F5 /* CustomNavigationController.swift in Sources */,
				4165B71829119ACA00D34B8D /* EntryViewController.swift in Sources */,
				41E25190291A898F006690F8 /* LoadingViewController.swift in Sources */,
				41549B862910053200F8331A /* SceneDelegate.swift in Sources */,
				41E2518A2918FC60006690F8 /* NewsViewController.swift in Sources */,
				41E2517B291291C0006690F8 /* GroupTableViewCell.swift in Sources */,
				41549BA52911502200F8331A /* GroupViewController.swift in Sources */,
				41E2518C29190105006690F8 /* NewsTableViewCell.swift in Sources */,
				41E2518E291902F0006690F8 /* Post.swift in Sources */,
			);
			runOnlyForDeploymentPostprocessing = 0;
		};
/* End PBXSourcesBuildPhase section */

/* Begin PBXVariantGroup section */
		41549B892910053200F8331A /* Main.storyboard */ = {
			isa = PBXVariantGroup;
			children = (
				41549B8A2910053200F8331A /* Base */,
			);
			name = Main.storyboard;
			sourceTree = "<group>";
		};
		41549B8E2910053400F8331A /* LaunchScreen.storyboard */ = {
			isa = PBXVariantGroup;
			children = (
				41549B8F2910053400F8331A /* Base */,
			);
			name = LaunchScreen.storyboard;
			sourceTree = "<group>";
		};
/* End PBXVariantGroup section */

/* Begin XCBuildConfiguration section */
		41549B922910053400F8331A /* Debug */ = {
			isa = XCBuildConfiguration;
			buildSettings = {
				ALWAYS_SEARCH_USER_PATHS = NO;
				CLANG_ANALYZER_NONNULL = YES;
				CLANG_ANALYZER_NUMBER_OBJECT_CONVERSION = YES_AGGRESSIVE;
				CLANG_CXX_LANGUAGE_STANDARD = "gnu++17";
				CLANG_ENABLE_MODULES = YES;
				CLANG_ENABLE_OBJC_ARC = YES;
				CLANG_ENABLE_OBJC_WEAK = YES;
				CLANG_WARN_BLOCK_CAPTURE_AUTORELEASING = YES;
				CLANG_WARN_BOOL_CONVERSION = YES;
				CLANG_WARN_COMMA = YES;
				CLANG_WARN_CONSTANT_CONVERSION = YES;
				CLANG_WARN_DEPRECATED_OBJC_IMPLEMENTATIONS = YES;
				CLANG_WARN_DIRECT_OBJC_ISA_USAGE = YES_ERROR;
				CLANG_WARN_DOCUMENTATION_COMMENTS = YES;
				CLANG_WARN_EMPTY_BODY = YES;
				CLANG_WARN_ENUM_CONVERSION = YES;
				CLANG_WARN_INFINITE_RECURSION = YES;
				CLANG_WARN_INT_CONVERSION = YES;
				CLANG_WARN_NON_LITERAL_NULL_CONVERSION = YES;
				CLANG_WARN_OBJC_IMPLICIT_RETAIN_SELF = YES;
				CLANG_WARN_OBJC_LITERAL_CONVERSION = YES;
				CLANG_WARN_OBJC_ROOT_CLASS = YES_ERROR;
				CLANG_WARN_QUOTED_INCLUDE_IN_FRAMEWORK_HEADER = YES;
				CLANG_WARN_RANGE_LOOP_ANALYSIS = YES;
				CLANG_WARN_STRICT_PROTOTYPES = YES;
				CLANG_WARN_SUSPICIOUS_MOVE = YES;
				CLANG_WARN_UNGUARDED_AVAILABILITY = YES_AGGRESSIVE;
				CLANG_WARN_UNREACHABLE_CODE = YES;
				CLANG_WARN__DUPLICATE_METHOD_MATCH = YES;
				COPY_PHASE_STRIP = NO;
				DEBUG_INFORMATION_FORMAT = dwarf;
				ENABLE_STRICT_OBJC_MSGSEND = YES;
				ENABLE_TESTABILITY = YES;
				GCC_C_LANGUAGE_STANDARD = gnu11;
				GCC_DYNAMIC_NO_PIC = NO;
				GCC_NO_COMMON_BLOCKS = YES;
				GCC_OPTIMIZATION_LEVEL = 0;
				GCC_PREPROCESSOR_DEFINITIONS = (
					"DEBUG=1",
					"$(inherited)",
				);
				GCC_WARN_64_TO_32_BIT_CONVERSION = YES;
				GCC_WARN_ABOUT_RETURN_TYPE = YES_ERROR;
				GCC_WARN_UNDECLARED_SELECTOR = YES;
				GCC_WARN_UNINITIALIZED_AUTOS = YES_AGGRESSIVE;
				GCC_WARN_UNUSED_FUNCTION = YES;
				GCC_WARN_UNUSED_VARIABLE = YES;
				IPHONEOS_DEPLOYMENT_TARGET = 15.4;
				MTL_ENABLE_DEBUG_INFO = INCLUDE_SOURCE;
				MTL_FAST_MATH = YES;
				ONLY_ACTIVE_ARCH = YES;
				SDKROOT = iphoneos;
				SWIFT_ACTIVE_COMPILATION_CONDITIONS = DEBUG;
				SWIFT_OPTIMIZATION_LEVEL = "-Onone";
			};
			name = Debug;
		};
		41549B932910053400F8331A /* Release */ = {
			isa = XCBuildConfiguration;
			buildSettings = {
				ALWAYS_SEARCH_USER_PATHS = NO;
				CLANG_ANALYZER_NONNULL = YES;
				CLANG_ANALYZER_NUMBER_OBJECT_CONVERSION = YES_AGGRESSIVE;
				CLANG_CXX_LANGUAGE_STANDARD = "gnu++17";
				CLANG_ENABLE_MODULES = YES;
				CLANG_ENABLE_OBJC_ARC = YES;
				CLANG_ENABLE_OBJC_WEAK = YES;
				CLANG_WARN_BLOCK_CAPTURE_AUTORELEASING = YES;
				CLANG_WARN_BOOL_CONVERSION = YES;
				CLANG_WARN_COMMA = YES;
				CLANG_WARN_CONSTANT_CONVERSION = YES;
				CLANG_WARN_DEPRECATED_OBJC_IMPLEMENTATIONS = YES;
				CLANG_WARN_DIRECT_OBJC_ISA_USAGE = YES_ERROR;
				CLANG_WARN_DOCUMENTATION_COMMENTS = YES;
				CLANG_WARN_EMPTY_BODY = YES;
				CLANG_WARN_ENUM_CONVERSION = YES;
				CLANG_WARN_INFINITE_RECURSION = YES;
				CLANG_WARN_INT_CONVERSION = YES;
				CLANG_WARN_NON_LITERAL_NULL_CONVERSION = YES;
				CLANG_WARN_OBJC_IMPLICIT_RETAIN_SELF = YES;
				CLANG_WARN_OBJC_LITERAL_CONVERSION = YES;
				CLANG_WARN_OBJC_ROOT_CLASS = YES_ERROR;
				CLANG_WARN_QUOTED_INCLUDE_IN_FRAMEWORK_HEADER = YES;
				CLANG_WARN_RANGE_LOOP_ANALYSIS = YES;
				CLANG_WARN_STRICT_PROTOTYPES = YES;
				CLANG_WARN_SUSPICIOUS_MOVE = YES;
				CLANG_WARN_UNGUARDED_AVAILABILITY = YES_AGGRESSIVE;
				CLANG_WARN_UNREACHABLE_CODE = YES;
				CLANG_WARN__DUPLICATE_METHOD_MATCH = YES;
				COPY_PHASE_STRIP = NO;
				DEBUG_INFORMATION_FORMAT = "dwarf-with-dsym";
				ENABLE_NS_ASSERTIONS = NO;
				ENABLE_STRICT_OBJC_MSGSEND = YES;
				GCC_C_LANGUAGE_STANDARD = gnu11;
				GCC_NO_COMMON_BLOCKS = YES;
				GCC_WARN_64_TO_32_BIT_CONVERSION = YES;
				GCC_WARN_ABOUT_RETURN_TYPE = YES_ERROR;
				GCC_WARN_UNDECLARED_SELECTOR = YES;
				GCC_WARN_UNINITIALIZED_AUTOS = YES_AGGRESSIVE;
				GCC_WARN_UNUSED_FUNCTION = YES;
				GCC_WARN_UNUSED_VARIABLE = YES;
				IPHONEOS_DEPLOYMENT_TARGET = 15.4;
				MTL_ENABLE_DEBUG_INFO = NO;
				MTL_FAST_MATH = YES;
				SDKROOT = iphoneos;
				SWIFT_COMPILATION_MODE = wholemodule;
				SWIFT_OPTIMIZATION_LEVEL = "-O";
				VALIDATE_PRODUCT = YES;
			};
			name = Release;
		};
		41549B952910053400F8331A /* Debug */ = {
			isa = XCBuildConfiguration;
			baseConfigurationReference = 61381A2B8CA4E11B35DE983E /* Pods-VK_App.debug.xcconfig */;
			buildSettings = {
				ASSETCATALOG_COMPILER_APPICON_NAME = AppIcon;
				ASSETCATALOG_COMPILER_GLOBAL_ACCENT_COLOR_NAME = AccentColor;
				CODE_SIGN_STYLE = Automatic;
				CURRENT_PROJECT_VERSION = 1;
				GENERATE_INFOPLIST_FILE = YES;
				INFOPLIST_FILE = VK_App/Info.plist;
				INFOPLIST_KEY_UIApplicationSupportsIndirectInputEvents = YES;
				INFOPLIST_KEY_UILaunchStoryboardName = LaunchScreen;
				INFOPLIST_KEY_UIMainStoryboardFile = Main;
				INFOPLIST_KEY_UISupportedInterfaceOrientations_iPad = "UIInterfaceOrientationPortrait UIInterfaceOrientationPortraitUpsideDown UIInterfaceOrientationLandscapeLeft UIInterfaceOrientationLandscapeRight";
				INFOPLIST_KEY_UISupportedInterfaceOrientations_iPhone = "UIInterfaceOrientationPortrait UIInterfaceOrientationLandscapeLeft UIInterfaceOrientationLandscapeRight";
				IPHONEOS_DEPLOYMENT_TARGET = 14.0;
				LD_RUNPATH_SEARCH_PATHS = (
					"$(inherited)",
					"@executable_path/Frameworks",
				);
				MARKETING_VERSION = 1.0;
				PRODUCT_BUNDLE_IDENTIFIER = "ItAnanans.VK-App";
				PRODUCT_NAME = "$(TARGET_NAME)";
				SWIFT_EMIT_LOC_STRINGS = YES;
				SWIFT_VERSION = 5.0;
				TARGETED_DEVICE_FAMILY = "1,2";
			};
			name = Debug;
		};
		41549B962910053400F8331A /* Release */ = {
			isa = XCBuildConfiguration;
			baseConfigurationReference = 430C1194285240DA1C91D765 /* Pods-VK_App.release.xcconfig */;
			buildSettings = {
				ASSETCATALOG_COMPILER_APPICON_NAME = AppIcon;
				ASSETCATALOG_COMPILER_GLOBAL_ACCENT_COLOR_NAME = AccentColor;
				CODE_SIGN_STYLE = Automatic;
				CURRENT_PROJECT_VERSION = 1;
				GENERATE_INFOPLIST_FILE = YES;
				INFOPLIST_FILE = VK_App/Info.plist;
				INFOPLIST_KEY_UIApplicationSupportsIndirectInputEvents = YES;
				INFOPLIST_KEY_UILaunchStoryboardName = LaunchScreen;
				INFOPLIST_KEY_UIMainStoryboardFile = Main;
				INFOPLIST_KEY_UISupportedInterfaceOrientations_iPad = "UIInterfaceOrientationPortrait UIInterfaceOrientationPortraitUpsideDown UIInterfaceOrientationLandscapeLeft UIInterfaceOrientationLandscapeRight";
				INFOPLIST_KEY_UISupportedInterfaceOrientations_iPhone = "UIInterfaceOrientationPortrait UIInterfaceOrientationLandscapeLeft UIInterfaceOrientationLandscapeRight";
				IPHONEOS_DEPLOYMENT_TARGET = 14.0;
				LD_RUNPATH_SEARCH_PATHS = (
					"$(inherited)",
					"@executable_path/Frameworks",
				);
				MARKETING_VERSION = 1.0;
				PRODUCT_BUNDLE_IDENTIFIER = "ItAnanans.VK-App";
				PRODUCT_NAME = "$(TARGET_NAME)";
				SWIFT_EMIT_LOC_STRINGS = YES;
				SWIFT_VERSION = 5.0;
				TARGETED_DEVICE_FAMILY = "1,2";
			};
			name = Release;
		};
/* End XCBuildConfiguration section */

/* Begin XCConfigurationList section */
		41549B7B2910053200F8331A /* Build configuration list for PBXProject "VK_App" */ = {
			isa = XCConfigurationList;
			buildConfigurations = (
				41549B922910053400F8331A /* Debug */,
				41549B932910053400F8331A /* Release */,
			);
			defaultConfigurationIsVisible = 0;
			defaultConfigurationName = Release;
		};
		41549B942910053400F8331A /* Build configuration list for PBXNativeTarget "VK_App" */ = {
			isa = XCConfigurationList;
			buildConfigurations = (
				41549B952910053400F8331A /* Debug */,
				41549B962910053400F8331A /* Release */,
			);
			defaultConfigurationIsVisible = 0;
			defaultConfigurationName = Release;
		};
/* End XCConfigurationList section */
	};
	rootObject = 41549B782910053200F8331A /* Project object */;
}
